
Microsoft Visual Studio Solution File, Format Version 10.00
# Visual C++ Express 2008
Project("{8BC9CEB8-8B4A-11D0-8D11-00A0C91BC942}") = "OpenNetworkFolder2008", "OpenNetworkFolder\OpenNetworkFolder2008.vcproj", "{956AA82B-8BFD-4FC3-8825-B0A3F8293BD9}"
EndProject
Global
	GlobalSection(SolutionConfigurationPlatforms) = preSolution
		Debug|Win32 = Debug|Win32
		Release|Win32 = Release|Win32
	EndGlobalSection
	GlobalSection(ProjectConfigurationPlatforms) = postSolution
		{956AA82B-8BFD-4FC3-8825-B0A3F8293BD9}.Debug|Win32.ActiveCfg = Debug|Win32
		{956AA82B-8BFD-4FC3-8825-B0A3F8293BD9}.Debug|Win32.Build.0 = Debug|Win32
		{956AA82B-8BFD-4FC3-8825-B0A3F8293BD9}.Release|Win32.ActiveCfg = Release|Win32
		{956AA82B-8BFD-4FC3-8825-B0A3F8293BD9}.Release|Win32.Build.0 = Release|Win32
	EndGlobalSection
	GlobalSection(SolutionProperties) = preSolution
		HideSolutionNode = FALSE
	EndGlobalSection
EndGlobal
